%{"erlsha2": {:git, "git://github.com/vinoski/erlsha2.git", "03a653fb2aa93e79d8166fd0311d0f739afc26ed", []},
  "excoveralls": {:package, "0.3.3"},
  "hackney": {:package, "0.13.1"},
  "httpoison": {:package, "0.4.2"},
  "idna": {:package, "1.0.1"},
  "jsex": {:package, "2.0.0"},
  "jsx": {:package, "2.1.1"},
  "lhttpc": {:git, "git://github.com/talko/lhttpc", "2d01a5f9c7543b77bdd57f44c92e72801f46e423", [ref: "master"]},
  "meck": {:git, "https://github.com/eproxus/meck.git", "eb479aa20cd430f62b6c043e826f0eb88a029852", [ref: "master"]},
  "sweet_xml": {:package, "0.1.1"},
  "timex": {:package, "0.12.5"},
  "uuid": {:package, "0.1.5"}}
